
Microsoft Visual Studio Solution File, Format Version 12.00
# Visual Studio 15
VisualStudioVersion = 15.0.28307.421
MinimumVisualStudioVersion = 10.0.40219.1
Project("{262852C6-CD72-467D-83FE-5EEB1973A190}") = "calorie_calcu", "calorie_calcu\calorie_calcu.jsproj", "{A09B01EA-1998-41D9-AD97-DDF7F52FB7F9}"
EndProject
Global
	GlobalSection(SolutionConfigurationPlatforms) = preSolution
		Debug|Android = Debug|Android
		Debug|iOS = Debug|iOS
		Debug|Windows-ARM = Debug|Windows-ARM
		Debug|Windows-x64 = Debug|Windows-x64
		Debug|Windows-x86 = Debug|Windows-x86
		Release|Android = Release|Android
		Release|iOS = Release|iOS
		Release|Windows-ARM = Release|Windows-ARM
		Release|Windows-x64 = Release|Windows-x64
		Release|Windows-x86 = Release|Windows-x86
	EndGlobalSection
	GlobalSection(ProjectConfigurationPlatforms) = postSolution
		{A09B01EA-1998-41D9-AD97-DDF7F52FB7F9}.Debug|Android.ActiveCfg = Debug|Android
		{A09B01EA-1998-41D9-AD97-DDF7F52FB7F9}.Debug|Android.Build.0 = Debug|Android
		{A09B01EA-1998-41D9-AD97-DDF7F52FB7F9}.Debug|Android.Deploy.0 = Debug|Android
		{A09B01EA-1998-41D9-AD97-DDF7F52FB7F9}.Debug|iOS.ActiveCfg = Debug|iOS
		{A09B01EA-1998-41D9-AD97-DDF7F52FB7F9}.Debug|iOS.Build.0 = Debug|iOS
		{A09B01EA-1998-41D9-AD97-DDF7F52FB7F9}.Debug|iOS.Deploy.0 = Debug|iOS
		{A09B01EA-1998-41D9-AD97-DDF7F52FB7F9}.Debug|Windows-ARM.ActiveCfg = Debug|Windows-ARM
		{A09B01EA-1998-41D9-AD97-DDF7F52FB7F9}.Debug|Windows-ARM.Build.0 = Debug|Windows-ARM
		{A09B01EA-1998-41D9-AD97-DDF7F52FB7F9}.Debug|Windows-ARM.Deploy.0 = Debug|Windows-ARM
		{A09B01EA-1998-41D9-AD97-DDF7F52FB7F9}.Debug|Windows-x64.ActiveCfg = Debug|Windows-x64
		{A09B01EA-1998-41D9-AD97-DDF7F52FB7F9}.Debug|Windows-x64.Build.0 = Debug|Windows-x64
		{A09B01EA-1998-41D9-AD97-DDF7F52FB7F9}.Debug|Windows-x64.Deploy.0 = Debug|Windows-x64
		{A09B01EA-1998-41D9-AD97-DDF7F52FB7F9}.Debug|Windows-x86.ActiveCfg = Debug|Windows-x86
		{A09B01EA-1998-41D9-AD97-DDF7F52FB7F9}.Debug|Windows-x86.Build.0 = Debug|Windows-x86
		{A09B01EA-1998-41D9-AD97-DDF7F52FB7F9}.Debug|Windows-x86.Deploy.0 = Debug|Windows-x86
		{A09B01EA-1998-41D9-AD97-DDF7F52FB7F9}.Release|Android.ActiveCfg = Release|Android
		{A09B01EA-1998-41D9-AD97-DDF7F52FB7F9}.Release|Android.Build.0 = Release|Android
		{A09B01EA-1998-41D9-AD97-DDF7F52FB7F9}.Release|Android.Deploy.0 = Release|Android
		{A09B01EA-1998-41D9-AD97-DDF7F52FB7F9}.Release|iOS.ActiveCfg = Release|iOS
		{A09B01EA-1998-41D9-AD97-DDF7F52FB7F9}.Release|iOS.Build.0 = Release|iOS
		{A09B01EA-1998-41D9-AD97-DDF7F52FB7F9}.Release|iOS.Deploy.0 = Release|iOS
		{A09B01EA-1998-41D9-AD97-DDF7F52FB7F9}.Release|Windows-ARM.ActiveCfg = Release|Windows-ARM
		{A09B01EA-1998-41D9-AD97-DDF7F52FB7F9}.Release|Windows-ARM.Build.0 = Release|Windows-ARM
		{A09B01EA-1998-41D9-AD97-DDF7F52FB7F9}.Release|Windows-ARM.Deploy.0 = Release|Windows-ARM
		{A09B01EA-1998-41D9-AD97-DDF7F52FB7F9}.Release|Windows-x64.ActiveCfg = Release|Windows-x64
		{A09B01EA-1998-41D9-AD97-DDF7F52FB7F9}.Release|Windows-x64.Build.0 = Release|Windows-x64
		{A09B01EA-1998-41D9-AD97-DDF7F52FB7F9}.Release|Windows-x64.Deploy.0 = Release|Windows-x64
		{A09B01EA-1998-41D9-AD97-DDF7F52FB7F9}.Release|Windows-x86.ActiveCfg = Release|Windows-x86
		{A09B01EA-1998-41D9-AD97-DDF7F52FB7F9}.Release|Windows-x86.Build.0 = Release|Windows-x86
		{A09B01EA-1998-41D9-AD97-DDF7F52FB7F9}.Release|Windows-x86.Deploy.0 = Release|Windows-x86
	EndGlobalSection
	GlobalSection(SolutionProperties) = preSolution
		HideSolutionNode = FALSE
	EndGlobalSection
	GlobalSection(ExtensibilityGlobals) = postSolution
		SolutionGuid = {BCFB77B0-EC32-4D42-9687-EEAA96016C9C}
	EndGlobalSection
EndGlobal
